{
    "_readme": [
        "This file locks the dependencies of your project to a known state",
        "Read more about it at https://getcomposer.org/doc/01-basic-usage.md#composer-lock-the-lock-file",
        "This file is @generated automatically"
    ],
    "hash": "930ce20d89f116d0b8dbde4cf90909e7",
    "content-hash": "e9c837a92f91240340ec74f5c0f84359",
    "packages": [
        {
            "name": "ckeditor/ckeditor",
            "version": "4.5.4",
            "source": {
                "type": "git",
                "url": "https://github.com/ckeditor/ckeditor-releases.git",
                "reference": "a84a972a367bc6c59bafb3e5fd503ec317d47daa"
            },
            "dist": {
                "type": "zip",
                "url": "https://api.github.com/repos/ckeditor/ckeditor-releases/zipball/a84a972a367bc6c59bafb3e5fd503ec317d47daa",
                "reference": "a84a972a367bc6c59bafb3e5fd503ec317d47daa",
                "shasum": ""
            },
            "type": "library",
            "notification-url": "https://packagist.org/downloads/",
            "license": [
                "GPL-2.0+",
                "LGPL-2.1+",
                "MPL-1.1+"
            ],
            "authors": [
                {
                    "name": "CKSource",
                    "homepage": "http://cksource.com"
                }
            ],
            "description": "JavaScript WYSIWYG web text editor.",
            "homepage": "http://ckeditor.com",
            "keywords": [
                "CKEditor",
                "editor",
                "fckeditor",
                "html",
                "javascript",
                "richtext",
                "text",
                "wysiwyg"
            ],
            "time": "2015-10-06 13:02:19"
        },
        {
            "name": "components/jquery",
            "version": "2.1.4",
            "source": {
                "type": "git",
                "url": "https://github.com/components/jquery.git",
                "reference": "7b1d1104656a092423fbfba13c5920e9bbba290c"
            },
            "dist": {
                "type": "zip",
                "url": "https://api.github.com/repos/components/jquery/zipball/7b1d1104656a092423fbfba13c5920e9bbba290c",
                "reference": "7b1d1104656a092423fbfba13c5920e9bbba290c",
                "shasum": ""
            },
            "type": "component",
            "extra": {
                "component": {
                    "scripts": [
                        "jquery.js"
                    ],
                    "files": [
                        "jquery.min.js",
                        "jquery.min.map",
                        "jquery-migrate.js",
                        "jquery-migrate.min.js"
                    ]
                }
            },
            "notification-url": "https://packagist.org/downloads/",
            "license": [
                "MIT"
            ],
            "authors": [
                {
                    "name": "John Resig",
                    "email": "jeresig@gmail.com"
                }
            ],
            "description": "jQuery JavaScript Library",
            "homepage": "http://jquery.com",
            "time": "2015-05-08 05:04:47"
        },
        {
            "name": "dapphp/securimage",
            "version": "3.6.2",
            "source": {
                "type": "git",
                "url": "https://github.com/dapphp/securimage.git",
                "reference": "59f36a249e292f8e6ea2ca36315acd131be0097b"
            },
            "dist": {
                "type": "zip",
                "url": "https://api.github.com/repos/dapphp/securimage/zipball/59f36a249e292f8e6ea2ca36315acd131be0097b",
                "reference": "59f36a249e292f8e6ea2ca36315acd131be0097b",
                "shasum": ""
            },
            "require": {
                "ext-gd": "*",
                "php": ">=5.2.0"
            },
            "type": "library",
            "autoload": {
                "classmap": [
                    "securimage.php"
                ]
            },
            "notification-url": "https://packagist.org/downloads/",
            "license": [
                "BSD"
            ],
            "authors": [
                {
                    "name": "Drew Phillips",
                    "email": "drew@drew-phillips.com"
                }
            ],
            "description": "PHP CAPTCHA Library",
            "homepage": "https://www.phpcaptcha.org",
            "keywords": [
                "captcha",
                "security"
            ],
            "time": "2015-10-13 04:08:04"
        },
        {
            "name": "twitter/bootstrap",
            "version": "v3.3.5",
            "source": {
                "type": "git",
                "url": "https://github.com/twbs/bootstrap.git",
                "reference": "16b48259a62f576e52c903c476bd42b90ab22482"
            },
            "dist": {
                "type": "zip",
                "url": "https://api.github.com/repos/twbs/bootstrap/zipball/16b48259a62f576e52c903c476bd42b90ab22482",
                "reference": "16b48259a62f576e52c903c476bd42b90ab22482",
                "shasum": ""
            },
            "replace": {
                "twitter/bootstrap": "self.version"
            },
            "type": "library",
            "extra": {
                "branch-alias": {
                    "dev-master": "3.3.x-dev"
                }
            },
            "notification-url": "https://packagist.org/downloads/",
            "license": [
                "MIT"
            ],
            "authors": [
                {
                    "name": "Jacob Thornton",
                    "email": "jacobthornton@gmail.com"
                },
                {
                    "name": "Mark Otto",
                    "email": "markdotto@gmail.com"
                }
            ],
            "description": "The most popular front-end framework for developing responsive, mobile first projects on the web.",
            "homepage": "http://getbootstrap.com",
            "keywords": [
                "JS",
                "css",
                "framework",
                "front-end",
                "less",
                "mobile-first",
                "responsive",
                "web"
            ],
            "time": "2015-06-16 16:13:22"
        }
    ],
    "packages-dev": [],
    "aliases": [],
    "minimum-stability": "stable",
    "stability-flags": [],
    "prefer-stable": false,
    "prefer-lowest": false,
    "platform": [],
    "platform-dev": []
}
