
Microsoft Visual Studio Solution File, Format Version 12.00
# Visual Studio 2012
Project("{FAE04EC0-301F-11D3-BF4B-00C04F79EFBC}") = "Widget Production Payment Calculator", "CIS2225_T3_Sigouin_Christopher\Widget Production Payment Calculator.csproj", "{226BF0A4-8E45-4737-B07B-C2B058A8FA98}"
EndProject
Global
	GlobalSection(SolutionConfigurationPlatforms) = preSolution
		Debug|Any CPU = Debug|Any CPU
		Release|Any CPU = Release|Any CPU
	EndGlobalSection
	GlobalSection(ProjectConfigurationPlatforms) = postSolution
		{226BF0A4-8E45-4737-B07B-C2B058A8FA98}.Debug|Any CPU.ActiveCfg = Debug|Any CPU
		{226BF0A4-8E45-4737-B07B-C2B058A8FA98}.Debug|Any CPU.Build.0 = Debug|Any CPU
		{226BF0A4-8E45-4737-B07B-C2B058A8FA98}.Release|Any CPU.ActiveCfg = Release|Any CPU
		{226BF0A4-8E45-4737-B07B-C2B058A8FA98}.Release|Any CPU.Build.0 = Release|Any CPU
	EndGlobalSection
	GlobalSection(SolutionProperties) = preSolution
		HideSolutionNode = FALSE
	EndGlobalSection
EndGlobal
